
Microsoft Visual Studio Solution File, Format Version 12.00
# Visual Studio Version 17
VisualStudioVersion = 17.4.33110.190
MinimumVisualStudioVersion = 10.0.40219.1
Project("{9A19103F-16F7-4668-BE54-9A1E7A4F7556}") = "Utilities", "Utilities\Utilities.csproj", "{A2F8D7DD-3B02-4E7F-B5A8-E5E8943BFF9F}"
EndProject
Project("{9A19103F-16F7-4668-BE54-9A1E7A4F7556}") = "WH.PORTAL", "WH.PORTAL\WH.PORTAL.csproj", "{2E1CCCE1-3B84-4302-B404-AD709F63991E}"
EndProject
Project("{FAE04EC0-301F-11D3-BF4B-00C04F79EFBC}") = "WH.ADMIN", "WH.ADMIN\WH.ADMIN.csproj", "{16C34513-E695-4BEE-BBD3-2D8276C0363B}"
EndProject
Global
	GlobalSection(SolutionConfigurationPlatforms) = preSolution
		Debug|Any CPU = Debug|Any CPU
		Release|Any CPU = Release|Any CPU
	EndGlobalSection
	GlobalSection(ProjectConfigurationPlatforms) = postSolution
		{A2F8D7DD-3B02-4E7F-B5A8-E5E8943BFF9F}.Debug|Any CPU.ActiveCfg = Debug|Any CPU
		{A2F8D7DD-3B02-4E7F-B5A8-E5E8943BFF9F}.Debug|Any CPU.Build.0 = Debug|Any CPU
		{A2F8D7DD-3B02-4E7F-B5A8-E5E8943BFF9F}.Release|Any CPU.ActiveCfg = Release|Any CPU
		{A2F8D7DD-3B02-4E7F-B5A8-E5E8943BFF9F}.Release|Any CPU.Build.0 = Release|Any CPU
		{2E1CCCE1-3B84-4302-B404-AD709F63991E}.Debug|Any CPU.ActiveCfg = Debug|Any CPU
		{2E1CCCE1-3B84-4302-B404-AD709F63991E}.Debug|Any CPU.Build.0 = Debug|Any CPU
		{2E1CCCE1-3B84-4302-B404-AD709F63991E}.Release|Any CPU.ActiveCfg = Release|Any CPU
		{2E1CCCE1-3B84-4302-B404-AD709F63991E}.Release|Any CPU.Build.0 = Release|Any CPU
		{16C34513-E695-4BEE-BBD3-2D8276C0363B}.Debug|Any CPU.ActiveCfg = Debug|Any CPU
		{16C34513-E695-4BEE-BBD3-2D8276C0363B}.Debug|Any CPU.Build.0 = Debug|Any CPU
		{16C34513-E695-4BEE-BBD3-2D8276C0363B}.Release|Any CPU.ActiveCfg = Release|Any CPU
		{16C34513-E695-4BEE-BBD3-2D8276C0363B}.Release|Any CPU.Build.0 = Release|Any CPU
	EndGlobalSection
	GlobalSection(SolutionProperties) = preSolution
		HideSolutionNode = FALSE
	EndGlobalSection
	GlobalSection(ExtensibilityGlobals) = postSolution
		SolutionGuid = {AB28EA85-104A-45BC-958C-EBFE93268DA1}
	EndGlobalSection
EndGlobal
